github.com/petersalex27/yew-packages/source v0.0.0-20230924224811-54cf29ebeee4 h1:eJ8WMVCTN95/j6BDDLhNDwaPgIt1mrp769Im00X35mo=
github.com/petersalex27/yew-packages/source v0.0.0-20230924224811-54cf29ebeee4/go.mod h1:Kqf+tQSWdIsH+ss0SWIZxUhsGGMAxe+zbLf9Iz8SgQU=
github.com/petersalex27/yew-packages/token v0.0.0-20230924224811-54cf29ebeee4 h1:0+xYQxokxLJay86cNJqbBqAmPY/cevZQ8nMrvDDQEjI=
github.com/petersalex27/yew-packages/token v0.0.0-20230924224811-54cf29ebeee4/go.mod h1:P1WuiSyoOleawWvEzWT3ZRWg/nQrv9AEXBn4DEWwgqQ=
