github.com/petersalex27/yew-packages/stringable v0.0.0-20230924234246-6a45a1def054 h1:BEb80KMsdXQ8tmViuF/oZdXfDHwEljNZenQPq8MMB10=
github.com/petersalex27/yew-packages/stringable v0.0.0-20230924234246-6a45a1def054/go.mod h1:SR30aaaPS4DBu/akw9QURHNdnw0tT9/dliWjUyIatKs=
github.com/petersalex27/yew-packages/util v0.0.0-20230924230133-630fe900a903 h1:SDnHfb5x9jIn2yZlXYz2F9oajMIb1M6fhKab6IDcsWs=
github.com/petersalex27/yew-packages/util v0.0.0-20230924230133-630fe900a903/go.mod h1:zDtG3xFP3nukNZ1tVun7j5q9FhLediwYFLlXC/zTu0c=
