github.com/petersalex27/yew-packages/equality v0.0.0-20230925192751-a649288ee782 h1:kSJCRZaiiuL5E8+Rs45q42GIMg109KjHJrcR8vVYUEM=
github.com/petersalex27/yew-packages/equality v0.0.0-20230925192751-a649288ee782/go.mod h1:9FSrD3+EndW0JShE7heNtzqxxCJzJS7qQI3AsEQ83Ew=
github.com/petersalex27/yew-packages/fun v0.0.0-20230925192751-a649288ee782 h1:09Id4Yu+7uDBmZ5I3MDIHGF9rT/8Vr067bmPvfqIae4=
github.com/petersalex27/yew-packages/fun v0.0.0-20230925192751-a649288ee782/go.mod h1:IUku/vaCvNChsy43bc2Ztgm4jGyYZUJKmtY2oUAecIY=
github.com/petersalex27/yew-packages/stringable v0.0.0-20230925192751-a649288ee782 h1:9O3IgbAbNvNhb51yopWmGGd0sgPrMNTHaPZirURggWc=
github.com/petersalex27/yew-packages/stringable v0.0.0-20230925192751-a649288ee782/go.mod h1:SR30aaaPS4DBu/akw9QURHNdnw0tT9/dliWjUyIatKs=
